// !$*UTF8*$!
{
	archiveVersion = 1;
	classes = {
	};
	objectVersion = 56;
	objects = {

/* Begin PBXBuildFile section */
		DE504E9F2C8F3B4A00C23562 /* VerifyCodeViewController.swift in Sources */ = {isa = PBXBuildFile; fileRef = DE504E9E2C8F3B4A00C23562 /* VerifyCodeViewController.swift */; };
		DEB5ADB82C4FB8C4004326FB /* Configuration.swift in Sources */ = {isa = PBXBuildFile; fileRef = DEB5ADB72C4FB8C4004326FB /* Configuration.swift */; };
		DEB5ADBD2C4FB925004326FB /* EmailAndPasswordViewController.swift in Sources */ = {isa = PBXBuildFile; fileRef = DEB5ADBC2C4FB925004326FB /* EmailAndPasswordViewController.swift */; };
		DEB5ADC02C4FBA06004326FB /* MSAL in Frameworks */ = {isa = PBXBuildFile; productRef = DEB5ADBF2C4FBA06004326FB /* MSAL */; };
		DEE2C8FF2C47C2980051D3E4 /* AppDelegate.swift in Sources */ = {isa = PBXBuildFile; fileRef = DEE2C8FE2C47C2980051D3E4 /* AppDelegate.swift */; };
		DEE2C9032C47C2990051D3E4 /* Assets.xcassets in Resources */ = {isa = PBXBuildFile; fileRef = DEE2C9022C47C2990051D3E4 /* Assets.xcassets */; };
		DEE2C9062C47C2990051D3E4 /* Main.storyboard in Resources */ = {isa = PBXBuildFile; fileRef = DEE2C9042C47C2990051D3E4 /* Main.storyboard */; };
/* End PBXBuildFile section */

/* Begin PBXFileReference section */
		DE504E9E2C8F3B4A00C23562 /* VerifyCodeViewController.swift */ = {isa = PBXFileReference; fileEncoding = 4; lastKnownFileType = sourcecode.swift; path = VerifyCodeViewController.swift; sourceTree = "<group>"; };
		DE7CE2F12C6A3E6B00E6AB1D /* Info.plist */ = {isa = PBXFileReference; lastKnownFileType = text.plist; path = Info.plist; sourceTree = "<group>"; };
		DEB5ADB72C4FB8C4004326FB /* Configuration.swift */ = {isa = PBXFileReference; fileEncoding = 4; lastKnownFileType = sourcecode.swift; path = Configuration.swift; sourceTree = "<group>"; };
		DEB5ADBC2C4FB925004326FB /* EmailAndPasswordViewController.swift */ = {isa = PBXFileReference; fileEncoding = 4; lastKnownFileType = sourcecode.swift; path = EmailAndPasswordViewController.swift; sourceTree = "<group>"; };
		DEE2C8FB2C47C2980051D3E4 /* NativeAuthSampleAppMacOS.app */ = {isa = PBXFileReference; explicitFileType = wrapper.application; includeInIndex = 0; path = NativeAuthSampleAppMacOS.app; sourceTree = BUILT_PRODUCTS_DIR; };
		DEE2C8FE2C47C2980051D3E4 /* AppDelegate.swift */ = {isa = PBXFileReference; lastKnownFileType = sourcecode.swift; path = AppDelegate.swift; sourceTree = "<group>"; };
		DEE2C9022C47C2990051D3E4 /* Assets.xcassets */ = {isa = PBXFileReference; lastKnownFileType = folder.assetcatalog; path = Assets.xcassets; sourceTree = "<group>"; };
		DEE2C9052C47C2990051D3E4 /* Base */ = {isa = PBXFileReference; lastKnownFileType = file.storyboard; name = Base; path = Base.lproj/Main.storyboard; sourceTree = "<group>"; };
		DEE2C9072C47C2990051D3E4 /* NativeAuthSampleAppMacOS.entitlements */ = {isa = PBXFileReference; lastKnownFileType = text.plist.entitlements; path = NativeAuthSampleAppMacOS.entitlements; sourceTree = "<group>"; };
/* End PBXFileReference section */

/* Begin PBXFrameworksBuildPhase section */
		DEE2C8F82C47C2980051D3E4 /* Frameworks */ = {
			isa = PBXFrameworksBuildPhase;
			buildActionMask = 2147483647;
			files = (
				DEB5ADC02C4FBA06004326FB /* MSAL in Frameworks */,
			);
			runOnlyForDeploymentPostprocessing = 0;
		};
/* End PBXFrameworksBuildPhase section */

/* Begin PBXGroup section */
		DE504E9D2C8F3B3300C23562 /* Modal View Controllers */ = {
			isa = PBXGroup;
			children = (
				DE504E9E2C8F3B4A00C23562 /* VerifyCodeViewController.swift */,
			);
			name = "Modal View Controllers";
			sourceTree = "<group>";
		};
		DEB5ADBB2C4FB8F4004326FB /* Scenario View Controller */ = {
			isa = PBXGroup;
			children = (
				DEB5ADBC2C4FB925004326FB /* EmailAndPasswordViewController.swift */,
			);
			name = "Scenario View Controller";
			sourceTree = "<group>";
		};
		DEE2C8F22C47C2980051D3E4 = {
			isa = PBXGroup;
			children = (
				DEE2C8FD2C47C2980051D3E4 /* NativeAuthSampleAppMacOS */,
				DEE2C8FC2C47C2980051D3E4 /* Products */,
			);
			sourceTree = "<group>";
		};
		DEE2C8FC2C47C2980051D3E4 /* Products */ = {
			isa = PBXGroup;
			children = (
				DEE2C8FB2C47C2980051D3E4 /* NativeAuthSampleAppMacOS.app */,
			);
			name = Products;
			sourceTree = "<group>";
		};
		DEE2C8FD2C47C2980051D3E4 /* NativeAuthSampleAppMacOS */ = {
			isa = PBXGroup;
			children = (
				DE7CE2F12C6A3E6B00E6AB1D /* Info.plist */,
				DEE2C8FE2C47C2980051D3E4 /* AppDelegate.swift */,
				DEB5ADB72C4FB8C4004326FB /* Configuration.swift */,
				DEB5ADBB2C4FB8F4004326FB /* Scenario View Controller */,
				DE504E9D2C8F3B3300C23562 /* Modal View Controllers */,
				DEE2C9022C47C2990051D3E4 /* Assets.xcassets */,
				DEE2C9042C47C2990051D3E4 /* Main.storyboard */,
				DEE2C9072C47C2990051D3E4 /* NativeAuthSampleAppMacOS.entitlements */,
			);
			path = NativeAuthSampleAppMacOS;
			sourceTree = "<group>";
		};
/* End PBXGroup section */

/* Begin PBXNativeTarget section */
		DEE2C8FA2C47C2980051D3E4 /* NativeAuthSampleAppMacOS */ = {
			isa = PBXNativeTarget;
			buildConfigurationList = DEE2C90A2C47C2990051D3E4 /* Build configuration list for PBXNativeTarget "NativeAuthSampleAppMacOS" */;
			buildPhases = (
				DEE2C8F72C47C2980051D3E4 /* Sources */,
				DEE2C8F82C47C2980051D3E4 /* Frameworks */,
				DEE2C8F92C47C2980051D3E4 /* Resources */,
			);
			buildRules = (
			);
			dependencies = (
			);
			name = NativeAuthSampleAppMacOS;
			packageProductDependencies = (
				DEB5ADBF2C4FBA06004326FB /* MSAL */,
			);
			productName = NativeAuthSampleAppMacOS;
			productReference = DEE2C8FB2C47C2980051D3E4 /* NativeAuthSampleAppMacOS.app */;
			productType = "com.apple.product-type.application";
		};
/* End PBXNativeTarget section */

/* Begin PBXProject section */
		DEE2C8F32C47C2980051D3E4 /* Project object */ = {
			isa = PBXProject;
			attributes = {
				BuildIndependentTargetsInParallel = 1;
				LastSwiftUpdateCheck = 1500;
				LastUpgradeCheck = 1500;
				TargetAttributes = {
					DEE2C8FA2C47C2980051D3E4 = {
						CreatedOnToolsVersion = 15.0;
					};
				};
			};
			buildConfigurationList = DEE2C8F62C47C2980051D3E4 /* Build configuration list for PBXProject "NativeAuthSampleAppMacOS" */;
			compatibilityVersion = "Xcode 14.0";
			developmentRegion = en;
			hasScannedForEncodings = 0;
			knownRegions = (
				en,
				Base,
			);
			mainGroup = DEE2C8F22C47C2980051D3E4;
			packageReferences = (
				DEB5ADBE2C4FBA06004326FB /* XCRemoteSwiftPackageReference "microsoft-authentication-library-for-objc" */,
			);
			productRefGroup = DEE2C8FC2C47C2980051D3E4 /* Products */;
			projectDirPath = "";
			projectRoot = "";
			targets = (
				DEE2C8FA2C47C2980051D3E4 /* NativeAuthSampleAppMacOS */,
			);
		};
/* End PBXProject section */

/* Begin PBXResourcesBuildPhase section */
		DEE2C8F92C47C2980051D3E4 /* Resources */ = {
			isa = PBXResourcesBuildPhase;
			buildActionMask = 2147483647;
			files = (
				DEE2C9032C47C2990051D3E4 /* Assets.xcassets in Resources */,
				DEE2C9062C47C2990051D3E4 /* Main.storyboard in Resources */,
			);
			runOnlyForDeploymentPostprocessing = 0;
		};
/* End PBXResourcesBuildPhase section */

/* Begin PBXSourcesBuildPhase section */
		DEE2C8F72C47C2980051D3E4 /* Sources */ = {
			isa = PBXSourcesBuildPhase;
			buildActionMask = 2147483647;
			files = (
				DE504E9F2C8F3B4A00C23562 /* VerifyCodeViewController.swift in Sources */,
				DEB5ADBD2C4FB925004326FB /* EmailAndPasswordViewController.swift in Sources */,
				DEB5ADB82C4FB8C4004326FB /* Configuration.swift in Sources */,
				DEE2C8FF2C47C2980051D3E4 /* AppDelegate.swift in Sources */,
			);
			runOnlyForDeploymentPostprocessing = 0;
		};
/* End PBXSourcesBuildPhase section */

/* Begin PBXVariantGroup section */
		DEE2C9042C47C2990051D3E4 /* Main.storyboard */ = {
			isa = PBXVariantGroup;
			children = (
				DEE2C9052C47C2990051D3E4 /* Base */,
			);
			name = Main.storyboard;
			sourceTree = "<group>";
		};
/* End PBXVariantGroup section */

/* Begin XCBuildConfiguration section */
		DEE2C9082C47C2990051D3E4 /* Debug */ = {
			isa = XCBuildConfiguration;
			buildSettings = {
				ALWAYS_SEARCH_USER_PATHS = NO;
				ASSETCATALOG_COMPILER_GENERATE_SWIFT_ASSET_SYMBOL_EXTENSIONS = YES;
				CLANG_ANALYZER_NONNULL = YES;
				CLANG_ANALYZER_NUMBER_OBJECT_CONVERSION = YES_AGGRESSIVE;
				CLANG_CXX_LANGUAGE_STANDARD = "gnu++20";
				CLANG_ENABLE_MODULES = YES;
				CLANG_ENABLE_OBJC_ARC = YES;
				CLANG_ENABLE_OBJC_WEAK = YES;
				CLANG_WARN_BLOCK_CAPTURE_AUTORELEASING = YES;
				CLANG_WARN_BOOL_CONVERSION = YES;
				CLANG_WARN_COMMA = YES;
				CLANG_WARN_CONSTANT_CONVERSION = YES;
				CLANG_WARN_DEPRECATED_OBJC_IMPLEMENTATIONS = YES;
				CLANG_WARN_DIRECT_OBJC_ISA_USAGE = YES_ERROR;
				CLANG_WARN_DOCUMENTATION_COMMENTS = YES;
				CLANG_WARN_EMPTY_BODY = YES;
				CLANG_WARN_ENUM_CONVERSION = YES;
				CLANG_WARN_INFINITE_RECURSION = YES;
				CLANG_WARN_INT_CONVERSION = YES;
				CLANG_WARN_NON_LITERAL_NULL_CONVERSION = YES;
				CLANG_WARN_OBJC_IMPLICIT_RETAIN_SELF = YES;
				CLANG_WARN_OBJC_LITERAL_CONVERSION = YES;
				CLANG_WARN_OBJC_ROOT_CLASS = YES_ERROR;
				CLANG_WARN_QUOTED_INCLUDE_IN_FRAMEWORK_HEADER = YES;
				CLANG_WARN_RANGE_LOOP_ANALYSIS = YES;
				CLANG_WARN_STRICT_PROTOTYPES = YES;
				CLANG_WARN_SUSPICIOUS_MOVE = YES;
				CLANG_WARN_UNGUARDED_AVAILABILITY = YES_AGGRESSIVE;
				CLANG_WARN_UNREACHABLE_CODE = YES;
				CLANG_WARN__DUPLICATE_METHOD_MATCH = YES;
				COPY_PHASE_STRIP = NO;
				DEBUG_INFORMATION_FORMAT = dwarf;
				ENABLE_STRICT_OBJC_MSGSEND = YES;
				ENABLE_TESTABILITY = YES;
				ENABLE_USER_SCRIPT_SANDBOXING = YES;
				GCC_C_LANGUAGE_STANDARD = gnu17;
				GCC_DYNAMIC_NO_PIC = NO;
				GCC_NO_COMMON_BLOCKS = YES;
				GCC_OPTIMIZATION_LEVEL = 0;
				GCC_PREPROCESSOR_DEFINITIONS = (
					"DEBUG=1",
					"$(inherited)",
				);
				GCC_WARN_64_TO_32_BIT_CONVERSION = YES;
				GCC_WARN_ABOUT_RETURN_TYPE = YES_ERROR;
				GCC_WARN_UNDECLARED_SELECTOR = YES;
				GCC_WARN_UNINITIALIZED_AUTOS = YES_AGGRESSIVE;
				GCC_WARN_UNUSED_FUNCTION = YES;
				GCC_WARN_UNUSED_VARIABLE = YES;
				LOCALIZATION_PREFERS_STRING_CATALOGS = YES;
				MACOSX_DEPLOYMENT_TARGET = 14.0;
				MTL_ENABLE_DEBUG_INFO = INCLUDE_SOURCE;
				MTL_FAST_MATH = YES;
				ONLY_ACTIVE_ARCH = YES;
				SDKROOT = macosx;
				SWIFT_ACTIVE_COMPILATION_CONDITIONS = "DEBUG $(inherited)";
				SWIFT_OPTIMIZATION_LEVEL = "-Onone";
			};
			name = Debug;
		};
		DEE2C9092C47C2990051D3E4 /* Release */ = {
			isa = XCBuildConfiguration;
			buildSettings = {
				ALWAYS_SEARCH_USER_PATHS = NO;
				ASSETCATALOG_COMPILER_GENERATE_SWIFT_ASSET_SYMBOL_EXTENSIONS = YES;
				CLANG_ANALYZER_NONNULL = YES;
				CLANG_ANALYZER_NUMBER_OBJECT_CONVERSION = YES_AGGRESSIVE;
				CLANG_CXX_LANGUAGE_STANDARD = "gnu++20";
				CLANG_ENABLE_MODULES = YES;
				CLANG_ENABLE_OBJC_ARC = YES;
				CLANG_ENABLE_OBJC_WEAK = YES;
				CLANG_WARN_BLOCK_CAPTURE_AUTORELEASING = YES;
				CLANG_WARN_BOOL_CONVERSION = YES;
				CLANG_WARN_COMMA = YES;
				CLANG_WARN_CONSTANT_CONVERSION = YES;
				CLANG_WARN_DEPRECATED_OBJC_IMPLEMENTATIONS = YES;
				CLANG_WARN_DIRECT_OBJC_ISA_USAGE = YES_ERROR;
				CLANG_WARN_DOCUMENTATION_COMMENTS = YES;
				CLANG_WARN_EMPTY_BODY = YES;
				CLANG_WARN_ENUM_CONVERSION = YES;
				CLANG_WARN_INFINITE_RECURSION = YES;
				CLANG_WARN_INT_CONVERSION = YES;
				CLANG_WARN_NON_LITERAL_NULL_CONVERSION = YES;
				CLANG_WARN_OBJC_IMPLICIT_RETAIN_SELF = YES;
				CLANG_WARN_OBJC_LITERAL_CONVERSION = YES;
				CLANG_WARN_OBJC_ROOT_CLASS = YES_ERROR;
				CLANG_WARN_QUOTED_INCLUDE_IN_FRAMEWORK_HEADER = YES;
				CLANG_WARN_RANGE_LOOP_ANALYSIS = YES;
				CLANG_WARN_STRICT_PROTOTYPES = YES;
				CLANG_WARN_SUSPICIOUS_MOVE = YES;
				CLANG_WARN_UNGUARDED_AVAILABILITY = YES_AGGRESSIVE;
				CLANG_WARN_UNREACHABLE_CODE = YES;
				CLANG_WARN__DUPLICATE_METHOD_MATCH = YES;
				COPY_PHASE_STRIP = NO;
				DEBUG_INFORMATION_FORMAT = "dwarf-with-dsym";
				ENABLE_NS_ASSERTIONS = NO;
				ENABLE_STRICT_OBJC_MSGSEND = YES;
				ENABLE_USER_SCRIPT_SANDBOXING = YES;
				GCC_C_LANGUAGE_STANDARD = gnu17;
				GCC_NO_COMMON_BLOCKS = YES;
				GCC_WARN_64_TO_32_BIT_CONVERSION = YES;
				GCC_WARN_ABOUT_RETURN_TYPE = YES_ERROR;
				GCC_WARN_UNDECLARED_SELECTOR = YES;
				GCC_WARN_UNINITIALIZED_AUTOS = YES_AGGRESSIVE;
				GCC_WARN_UNUSED_FUNCTION = YES;
				GCC_WARN_UNUSED_VARIABLE = YES;
				LOCALIZATION_PREFERS_STRING_CATALOGS = YES;
				MACOSX_DEPLOYMENT_TARGET = 14.0;
				MTL_ENABLE_DEBUG_INFO = NO;
				MTL_FAST_MATH = YES;
				SDKROOT = macosx;
				SWIFT_COMPILATION_MODE = wholemodule;
			};
			name = Release;
		};
		DEE2C90B2C47C2990051D3E4 /* Debug */ = {
			isa = XCBuildConfiguration;
			buildSettings = {
				ASSETCATALOG_COMPILER_APPICON_NAME = AppIcon;
				ASSETCATALOG_COMPILER_GLOBAL_ACCENT_COLOR_NAME = AccentColor;
				CODE_SIGN_ENTITLEMENTS = NativeAuthSampleAppMacOS/NativeAuthSampleAppMacOS.entitlements;
				CODE_SIGN_STYLE = Automatic;
				COMBINE_HIDPI_IMAGES = YES;
				CURRENT_PROJECT_VERSION = 1;
				DEVELOPMENT_TEAM = UBF8T346G9;
				GENERATE_INFOPLIST_FILE = YES;
				INFOPLIST_FILE = NativeAuthSampleAppMacOS/Info.plist;
				INFOPLIST_KEY_NSHumanReadableCopyright = "";
				INFOPLIST_KEY_NSMainStoryboardFile = Main;
				INFOPLIST_KEY_NSPrincipalClass = NSApplication;
				LD_RUNPATH_SEARCH_PATHS = (
					"$(inherited)",
					"@executable_path/../Frameworks",
				);
				MACOSX_DEPLOYMENT_TARGET = 10.15;
				MARKETING_VERSION = 1.0;
				PRODUCT_BUNDLE_IDENTIFIER = com.microsoft.NativeAuthSampleAppMacOS;
				PRODUCT_NAME = "$(TARGET_NAME)";
				SWIFT_EMIT_LOC_STRINGS = YES;
				SWIFT_VERSION = 5.0;
			};
			name = Debug;
		};
		DEE2C90C2C47C2990051D3E4 /* Release */ = {
			isa = XCBuildConfiguration;
			buildSettings = {
				ASSETCATALOG_COMPILER_APPICON_NAME = AppIcon;
				ASSETCATALOG_COMPILER_GLOBAL_ACCENT_COLOR_NAME = AccentColor;
				CODE_SIGN_ENTITLEMENTS = NativeAuthSampleAppMacOS/NativeAuthSampleAppMacOS.entitlements;
				CODE_SIGN_STYLE = Automatic;
				COMBINE_HIDPI_IMAGES = YES;
				CURRENT_PROJECT_VERSION = 1;
				DEVELOPMENT_TEAM = UBF8T346G9;
				GENERATE_INFOPLIST_FILE = YES;
				INFOPLIST_FILE = NativeAuthSampleAppMacOS/Info.plist;
				INFOPLIST_KEY_NSHumanReadableCopyright = "";
				INFOPLIST_KEY_NSMainStoryboardFile = Main;
				INFOPLIST_KEY_NSPrincipalClass = NSApplication;
				LD_RUNPATH_SEARCH_PATHS = (
					"$(inherited)",
					"@executable_path/../Frameworks",
				);
				MACOSX_DEPLOYMENT_TARGET = 10.15;
				MARKETING_VERSION = 1.0;
				PRODUCT_BUNDLE_IDENTIFIER = com.microsoft.NativeAuthSampleAppMacOS;
				PRODUCT_NAME = "$(TARGET_NAME)";
				SWIFT_EMIT_LOC_STRINGS = YES;
				SWIFT_VERSION = 5.0;
			};
			name = Release;
		};
/* End XCBuildConfiguration section */

/* Begin XCConfigurationList section */
		DEE2C8F62C47C2980051D3E4 /* Build configuration list for PBXProject "NativeAuthSampleAppMacOS" */ = {
			isa = XCConfigurationList;
			buildConfigurations = (
				DEE2C9082C47C2990051D3E4 /* Debug */,
				DEE2C9092C47C2990051D3E4 /* Release */,
			);
			defaultConfigurationIsVisible = 0;
			defaultConfigurationName = Release;
		};
		DEE2C90A2C47C2990051D3E4 /* Build configuration list for PBXNativeTarget "NativeAuthSampleAppMacOS" */ = {
			isa = XCConfigurationList;
			buildConfigurations = (
				DEE2C90B2C47C2990051D3E4 /* Debug */,
				DEE2C90C2C47C2990051D3E4 /* Release */,
			);
			defaultConfigurationIsVisible = 0;
			defaultConfigurationName = Release;
		};
/* End XCConfigurationList section */

/* Begin XCRemoteSwiftPackageReference section */
		DEB5ADBE2C4FBA06004326FB /* XCRemoteSwiftPackageReference "microsoft-authentication-library-for-objc" */ = {
			isa = XCRemoteSwiftPackageReference;
			repositoryURL = "https://github.com/AzureAD/microsoft-authentication-library-for-objc";
			requirement = {
				branch = "spetrescu/macos-support-spm";
				kind = branch;
			};
		};
/* End XCRemoteSwiftPackageReference section */

/* Begin XCSwiftPackageProductDependency section */
		DEB5ADBF2C4FBA06004326FB /* MSAL */ = {
			isa = XCSwiftPackageProductDependency;
			package = DEB5ADBE2C4FBA06004326FB /* XCRemoteSwiftPackageReference "microsoft-authentication-library-for-objc" */;
			productName = MSAL;
		};
/* End XCSwiftPackageProductDependency section */
	};
	rootObject = DEE2C8F32C47C2980051D3E4 /* Project object */;
}
